// !$*UTF8*$!
{
	archiveVersion = 1;
	classes = {
	};
	objectVersion = 46;
	objects = {

/* Begin PBXBuildFile section */
		848B79431B5833A100FD533C /* main.m in Sources */ = {isa = PBXBuildFile; fileRef = 848B79421B5833A100FD533C /* main.m */; };
		848B79461B5833A100FD533C /* AppDelegate.m in Sources */ = {isa = PBXBuildFile; fileRef = 848B79451B5833A100FD533C /* AppDelegate.m */; };
		848B79491B5833A100FD533C /* ViewController.m in Sources */ = {isa = PBXBuildFile; fileRef = 848B79481B5833A100FD533C /* ViewController.m */; };
		848B794C1B5833A100FD533C /* Main.storyboard in Resources */ = {isa = PBXBuildFile; fileRef = 848B794A1B5833A100FD533C /* Main.storyboard */; };
		848B794E1B5833A100FD533C /* Images.xcassets in Resources */ = {isa = PBXBuildFile; fileRef = 848B794D1B5833A100FD533C /* Images.xcassets */; };
		848B79511B5833A100FD533C /* LaunchScreen.xib in Resources */ = {isa = PBXBuildFile; fileRef = 848B794F1B5833A100FD533C /* LaunchScreen.xib */; };
		848B795D1B5833A200FD533C /* _0__NotificationsTests.m in Sources */ = {isa = PBXBuildFile; fileRef = 848B795C1B5833A200FD533C /* _0__NotificationsTests.m */; };
		848B79681B5833F900FD533C /* Government.m in Sources */ = {isa = PBXBuildFile; fileRef = 848B79671B5833F900FD533C /* Government.m */; };
		848B796B1B5839CD00FD533C /* Doctor.m in Sources */ = {isa = PBXBuildFile; fileRef = 848B796A1B5839CD00FD533C /* Doctor.m */; };
		84A43E9F1B5919550029E255 /* Pensioner.m in Sources */ = {isa = PBXBuildFile; fileRef = 84A43E9E1B5919550029E255 /* Pensioner.m */; };
		84BD9EFF1B5926E600ED2163 /* Businessman.m in Sources */ = {isa = PBXBuildFile; fileRef = 84BD9EFE1B5926E600ED2163 /* Businessman.m */; };
		84BD9F021B59334100ED2163 /* MyAppDelegate.m in Sources */ = {isa = PBXBuildFile; fileRef = 84BD9F011B59334100ED2163 /* MyAppDelegate.m */; };
/* End PBXBuildFile section */

/* Begin PBXContainerItemProxy section */
		848B79571B5833A200FD533C /* PBXContainerItemProxy */ = {
			isa = PBXContainerItemProxy;
			containerPortal = 848B79351B5833A100FD533C /* Project object */;
			proxyType = 1;
			remoteGlobalIDString = 848B793C1B5833A100FD533C;
			remoteInfo = "10. Notifications";
		};
/* End PBXContainerItemProxy section */

/* Begin PBXFileReference section */
		848B793D1B5833A100FD533C /* 10. Notifications.app */ = {isa = PBXFileReference; explicitFileType = wrapper.application; includeInIndex = 0; path = "10. Notifications.app"; sourceTree = BUILT_PRODUCTS_DIR; };
		848B79411B5833A100FD533C /* Info.plist */ = {isa = PBXFileReference; lastKnownFileType = text.plist.xml; path = Info.plist; sourceTree = "<group>"; };
		848B79421B5833A100FD533C /* main.m */ = {isa = PBXFileReference; lastKnownFileType = sourcecode.c.objc; path = main.m; sourceTree = "<group>"; };
		848B79441B5833A100FD533C /* AppDelegate.h */ = {isa = PBXFileReference; lastKnownFileType = sourcecode.c.h; path = AppDelegate.h; sourceTree = "<group>"; };
		848B79451B5833A100FD533C /* AppDelegate.m */ = {isa = PBXFileReference; lastKnownFileType = sourcecode.c.objc; path = AppDelegate.m; sourceTree = "<group>"; };
		848B79471B5833A100FD533C /* ViewController.h */ = {isa = PBXFileReference; lastKnownFileType = sourcecode.c.h; path = ViewController.h; sourceTree = "<group>"; };
		848B79481B5833A100FD533C /* ViewController.m */ = {isa = PBXFileReference; lastKnownFileType = sourcecode.c.objc; path = ViewController.m; sourceTree = "<group>"; };
		848B794B1B5833A100FD533C /* Base */ = {isa = PBXFileReference; lastKnownFileType = file.storyboard; name = Base; path = Base.lproj/Main.storyboard; sourceTree = "<group>"; };
		848B794D1B5833A100FD533C /* Images.xcassets */ = {isa = PBXFileReference; lastKnownFileType = folder.assetcatalog; path = Images.xcassets; sourceTree = "<group>"; };
		848B79501B5833A100FD533C /* Base */ = {isa = PBXFileReference; lastKnownFileType = file.xib; name = Base; path = Base.lproj/LaunchScreen.xib; sourceTree = "<group>"; };
		848B79561B5833A200FD533C /* 10. NotificationsTests.xctest */ = {isa = PBXFileReference; explicitFileType = wrapper.cfbundle; includeInIndex = 0; path = "10. NotificationsTests.xctest"; sourceTree = BUILT_PRODUCTS_DIR; };
		848B795B1B5833A200FD533C /* Info.plist */ = {isa = PBXFileReference; lastKnownFileType = text.plist.xml; path = Info.plist; sourceTree = "<group>"; };
		848B795C1B5833A200FD533C /* _0__NotificationsTests.m */ = {isa = PBXFileReference; lastKnownFileType = sourcecode.c.objc; path = _0__NotificationsTests.m; sourceTree = "<group>"; };
		848B79661B5833F900FD533C /* Government.h */ = {isa = PBXFileReference; fileEncoding = 4; lastKnownFileType = sourcecode.c.h; name = Government.h; path = ../Government.h; sourceTree = "<group>"; };
		848B79671B5833F900FD533C /* Government.m */ = {isa = PBXFileReference; fileEncoding = 4; lastKnownFileType = sourcecode.c.objc; name = Government.m; path = ../Government.m; sourceTree = "<group>"; };
		848B79691B5839CD00FD533C /* Doctor.h */ = {isa = PBXFileReference; fileEncoding = 4; lastKnownFileType = sourcecode.c.h; path = Doctor.h; sourceTree = "<group>"; };
		848B796A1B5839CD00FD533C /* Doctor.m */ = {isa = PBXFileReference; fileEncoding = 4; lastKnownFileType = sourcecode.c.objc; path = Doctor.m; sourceTree = "<group>"; };
		84A43E9D1B5919550029E255 /* Pensioner.h */ = {isa = PBXFileReference; fileEncoding = 4; lastKnownFileType = sourcecode.c.h; path = Pensioner.h; sourceTree = "<group>"; };
		84A43E9E1B5919550029E255 /* Pensioner.m */ = {isa = PBXFileReference; fileEncoding = 4; lastKnownFileType = sourcecode.c.objc; path = Pensioner.m; sourceTree = "<group>"; };
		84BD9EFD1B5926E600ED2163 /* Businessman.h */ = {isa = PBXFileReference; fileEncoding = 4; lastKnownFileType = sourcecode.c.h; path = Businessman.h; sourceTree = "<group>"; };
		84BD9EFE1B5926E600ED2163 /* Businessman.m */ = {isa = PBXFileReference; fileEncoding = 4; lastKnownFileType = sourcecode.c.objc; path = Businessman.m; sourceTree = "<group>"; };
		84BD9F001B59334100ED2163 /* MyAppDelegate.h */ = {isa = PBXFileReference; fileEncoding = 4; lastKnownFileType = sourcecode.c.h; path = MyAppDelegate.h; sourceTree = "<group>"; };
		84BD9F011B59334100ED2163 /* MyAppDelegate.m */ = {isa = PBXFileReference; fileEncoding = 4; lastKnownFileType = sourcecode.c.objc; path = MyAppDelegate.m; sourceTree = "<group>"; };
/* End PBXFileReference section */

/* Begin PBXFrameworksBuildPhase section */
		848B793A1B5833A100FD533C /* Frameworks */ = {
			isa = PBXFrameworksBuildPhase;
			buildActionMask = 2147483647;
			files = (
			);
			runOnlyForDeploymentPostprocessing = 0;
		};
		848B79531B5833A200FD533C /* Frameworks */ = {
			isa = PBXFrameworksBuildPhase;
			buildActionMask = 2147483647;
			files = (
			);
			runOnlyForDeploymentPostprocessing = 0;
		};
/* End PBXFrameworksBuildPhase section */

/* Begin PBXGroup section */
		848B79341B5833A100FD533C = {
			isa = PBXGroup;
			children = (
				848B793F1B5833A100FD533C /* 10. Notifications */,
				848B79591B5833A200FD533C /* 10. NotificationsTests */,
				848B793E1B5833A100FD533C /* Products */,
			);
			sourceTree = "<group>";
		};
		848B793E1B5833A100FD533C /* Products */ = {
			isa = PBXGroup;
			children = (
				848B793D1B5833A100FD533C /* 10. Notifications.app */,
				848B79561B5833A200FD533C /* 10. NotificationsTests.xctest */,
			);
			name = Products;
			sourceTree = "<group>";
		};
		848B793F1B5833A100FD533C /* 10. Notifications */ = {
			isa = PBXGroup;
			children = (
				848B79441B5833A100FD533C /* AppDelegate.h */,
				848B79451B5833A100FD533C /* AppDelegate.m */,
				84BD9F001B59334100ED2163 /* MyAppDelegate.h */,
				84BD9F011B59334100ED2163 /* MyAppDelegate.m */,
				848B79661B5833F900FD533C /* Government.h */,
				848B79671B5833F900FD533C /* Government.m */,
				848B79691B5839CD00FD533C /* Doctor.h */,
				848B796A1B5839CD00FD533C /* Doctor.m */,
				84A43E9D1B5919550029E255 /* Pensioner.h */,
				84A43E9E1B5919550029E255 /* Pensioner.m */,
				84BD9EFD1B5926E600ED2163 /* Businessman.h */,
				84BD9EFE1B5926E600ED2163 /* Businessman.m */,
				848B79471B5833A100FD533C /* ViewController.h */,
				848B79481B5833A100FD533C /* ViewController.m */,
				848B794A1B5833A100FD533C /* Main.storyboard */,
				848B794D1B5833A100FD533C /* Images.xcassets */,
				848B794F1B5833A100FD533C /* LaunchScreen.xib */,
				848B79401B5833A100FD533C /* Supporting Files */,
			);
			path = "10. Notifications";
			sourceTree = "<group>";
		};
		848B79401B5833A100FD533C /* Supporting Files */ = {
			isa = PBXGroup;
			children = (
				848B79411B5833A100FD533C /* Info.plist */,
				848B79421B5833A100FD533C /* main.m */,
			);
			name = "Supporting Files";
			sourceTree = "<group>";
		};
		848B79591B5833A200FD533C /* 10. NotificationsTests */ = {
			isa = PBXGroup;
			children = (
				848B795C1B5833A200FD533C /* _0__NotificationsTests.m */,
				848B795A1B5833A200FD533C /* Supporting Files */,
			);
			path = "10. NotificationsTests";
			sourceTree = "<group>";
		};
		848B795A1B5833A200FD533C /* Supporting Files */ = {
			isa = PBXGroup;
			children = (
				848B795B1B5833A200FD533C /* Info.plist */,
			);
			name = "Supporting Files";
			sourceTree = "<group>";
		};
/* End PBXGroup section */

/* Begin PBXNativeTarget section */
		848B793C1B5833A100FD533C /* 10. Notifications */ = {
			isa = PBXNativeTarget;
			buildConfigurationList = 848B79601B5833A200FD533C /* Build configuration list for PBXNativeTarget "10. Notifications" */;
			buildPhases = (
				848B79391B5833A100FD533C /* Sources */,
				848B793A1B5833A100FD533C /* Frameworks */,
				848B793B1B5833A100FD533C /* Resources */,
			);
			buildRules = (
			);
			dependencies = (
			);
			name = "10. Notifications";
			productName = "10. Notifications";
			productReference = 848B793D1B5833A100FD533C /* 10. Notifications.app */;
			productType = "com.apple.product-type.application";
		};
		848B79551B5833A200FD533C /* 10. NotificationsTests */ = {
			isa = PBXNativeTarget;
			buildConfigurationList = 848B79631B5833A200FD533C /* Build configuration list for PBXNativeTarget "10. NotificationsTests" */;
			buildPhases = (
				848B79521B5833A200FD533C /* Sources */,
				848B79531B5833A200FD533C /* Frameworks */,
				848B79541B5833A200FD533C /* Resources */,
			);
			buildRules = (
			);
			dependencies = (
				848B79581B5833A200FD533C /* PBXTargetDependency */,
			);
			name = "10. NotificationsTests";
			productName = "10. NotificationsTests";
			productReference = 848B79561B5833A200FD533C /* 10. NotificationsTests.xctest */;
			productType = "com.apple.product-type.bundle.unit-test";
		};
/* End PBXNativeTarget section */

/* Begin PBXProject section */
		848B79351B5833A100FD533C /* Project object */ = {
			isa = PBXProject;
			attributes = {
				LastUpgradeCheck = 0610;
				ORGANIZATIONNAME = Admin;
				TargetAttributes = {
					848B793C1B5833A100FD533C = {
						CreatedOnToolsVersion = 6.1;
					};
					848B79551B5833A200FD533C = {
						CreatedOnToolsVersion = 6.1;
						TestTargetID = 848B793C1B5833A100FD533C;
					};
				};
			};
			buildConfigurationList = 848B79381B5833A100FD533C /* Build configuration list for PBXProject "10. Notifications" */;
			compatibilityVersion = "Xcode 3.2";
			developmentRegion = English;
			hasScannedForEncodings = 0;
			knownRegions = (
				en,
				Base,
			);
			mainGroup = 848B79341B5833A100FD533C;
			productRefGroup = 848B793E1B5833A100FD533C /* Products */;
			projectDirPath = "";
			projectRoot = "";
			targets = (
				848B793C1B5833A100FD533C /* 10. Notifications */,
				848B79551B5833A200FD533C /* 10. NotificationsTests */,
			);
		};
/* End PBXProject section */

/* Begin PBXResourcesBuildPhase section */
		848B793B1B5833A100FD533C /* Resources */ = {
			isa = PBXResourcesBuildPhase;
			buildActionMask = 2147483647;
			files = (
				848B794C1B5833A100FD533C /* Main.storyboard in Resources */,
				848B79511B5833A100FD533C /* LaunchScreen.xib in Resources */,
				848B794E1B5833A100FD533C /* Images.xcassets in Resources */,
			);
			runOnlyForDeploymentPostprocessing = 0;
		};
		848B79541B5833A200FD533C /* Resources */ = {
			isa = PBXResourcesBuildPhase;
			buildActionMask = 2147483647;
			files = (
			);
			runOnlyForDeploymentPostprocessing = 0;
		};
/* End PBXResourcesBuildPhase section */

/* Begin PBXSourcesBuildPhase section */
		848B79391B5833A100FD533C /* Sources */ = {
			isa = PBXSourcesBuildPhase;
			buildActionMask = 2147483647;
			files = (
				848B79681B5833F900FD533C /* Government.m in Sources */,
				84A43E9F1B5919550029E255 /* Pensioner.m in Sources */,
				848B79491B5833A100FD533C /* ViewController.m in Sources */,
				848B79461B5833A100FD533C /* AppDelegate.m in Sources */,
				84BD9F021B59334100ED2163 /* MyAppDelegate.m in Sources */,
				848B79431B5833A100FD533C /* main.m in Sources */,
				848B796B1B5839CD00FD533C /* Doctor.m in Sources */,
				84BD9EFF1B5926E600ED2163 /* Businessman.m in Sources */,
			);
			runOnlyForDeploymentPostprocessing = 0;
		};
		848B79521B5833A200FD533C /* Sources */ = {
			isa = PBXSourcesBuildPhase;
			buildActionMask = 2147483647;
			files = (
				848B795D1B5833A200FD533C /* _0__NotificationsTests.m in Sources */,
			);
			runOnlyForDeploymentPostprocessing = 0;
		};
/* End PBXSourcesBuildPhase section */

/* Begin PBXTargetDependency section */
		848B79581B5833A200FD533C /* PBXTargetDependency */ = {
			isa = PBXTargetDependency;
			target = 848B793C1B5833A100FD533C /* 10. Notifications */;
			targetProxy = 848B79571B5833A200FD533C /* PBXContainerItemProxy */;
		};
/* End PBXTargetDependency section */

/* Begin PBXVariantGroup section */
		848B794A1B5833A100FD533C /* Main.storyboard */ = {
			isa = PBXVariantGroup;
			children = (
				848B794B1B5833A100FD533C /* Base */,
			);
			name = Main.storyboard;
			sourceTree = "<group>";
		};
		848B794F1B5833A100FD533C /* LaunchScreen.xib */ = {
			isa = PBXVariantGroup;
			children = (
				848B79501B5833A100FD533C /* Base */,
			);
			name = LaunchScreen.xib;
			sourceTree = "<group>";
		};
/* End PBXVariantGroup section */

/* Begin XCBuildConfiguration section */
		848B795E1B5833A200FD533C /* Debug */ = {
			isa = XCBuildConfiguration;
			buildSettings = {
				ALWAYS_SEARCH_USER_PATHS = NO;
				CLANG_CXX_LANGUAGE_STANDARD = "gnu++0x";
				CLANG_CXX_LIBRARY = "libc++";
				CLANG_ENABLE_MODULES = YES;
				CLANG_ENABLE_OBJC_ARC = YES;
				CLANG_WARN_BOOL_CONVERSION = YES;
				CLANG_WARN_CONSTANT_CONVERSION = YES;
				CLANG_WARN_DIRECT_OBJC_ISA_USAGE = YES_ERROR;
				CLANG_WARN_EMPTY_BODY = YES;
				CLANG_WARN_ENUM_CONVERSION = YES;
				CLANG_WARN_INT_CONVERSION = YES;
				CLANG_WARN_OBJC_ROOT_CLASS = YES_ERROR;
				CLANG_WARN_UNREACHABLE_CODE = YES;
				CLANG_WARN__DUPLICATE_METHOD_MATCH = YES;
				"CODE_SIGN_IDENTITY[sdk=iphoneos*]" = "iPhone Developer";
				COPY_PHASE_STRIP = NO;
				ENABLE_STRICT_OBJC_MSGSEND = YES;
				GCC_C_LANGUAGE_STANDARD = gnu99;
				GCC_DYNAMIC_NO_PIC = NO;
				GCC_OPTIMIZATION_LEVEL = 0;
				GCC_PREPROCESSOR_DEFINITIONS = (
					"DEBUG=1",
					"$(inherited)",
				);
				GCC_SYMBOLS_PRIVATE_EXTERN = NO;
				GCC_WARN_64_TO_32_BIT_CONVERSION = YES;
				GCC_WARN_ABOUT_RETURN_TYPE = YES_ERROR;
				GCC_WARN_UNDECLARED_SELECTOR = YES;
				GCC_WARN_UNINITIALIZED_AUTOS = YES_AGGRESSIVE;
				GCC_WARN_UNUSED_FUNCTION = YES;
				GCC_WARN_UNUSED_VARIABLE = YES;
				IPHONEOS_DEPLOYMENT_TARGET = 8.1;
				MTL_ENABLE_DEBUG_INFO = YES;
				ONLY_ACTIVE_ARCH = YES;
				SDKROOT = iphoneos;
				TARGETED_DEVICE_FAMILY = "1,2";
			};
			name = Debug;
		};
		848B795F1B5833A200FD533C /* Release */ = {
			isa = XCBuildConfiguration;
			buildSettings = {
				ALWAYS_SEARCH_USER_PATHS = NO;
				CLANG_CXX_LANGUAGE_STANDARD = "gnu++0x";
				CLANG_CXX_LIBRARY = "libc++";
				CLANG_ENABLE_MODULES = YES;
				CLANG_ENABLE_OBJC_ARC = YES;
				CLANG_WARN_BOOL_CONVERSION = YES;
				CLANG_WARN_CONSTANT_CONVERSION = YES;
				CLANG_WARN_DIRECT_OBJC_ISA_USAGE = YES_ERROR;
				CLANG_WARN_EMPTY_BODY = YES;
				CLANG_WARN_ENUM_CONVERSION = YES;
				CLANG_WARN_INT_CONVERSION = YES;
				CLANG_WARN_OBJC_ROOT_CLASS = YES_ERROR;
				CLANG_WARN_UNREACHABLE_CODE = YES;
				CLANG_WARN__DUPLICATE_METHOD_MATCH = YES;
				"CODE_SIGN_IDENTITY[sdk=iphoneos*]" = "iPhone Developer";
				COPY_PHASE_STRIP = YES;
				ENABLE_NS_ASSERTIONS = NO;
				ENABLE_STRICT_OBJC_MSGSEND = YES;
				GCC_C_LANGUAGE_STANDARD = gnu99;
				GCC_WARN_64_TO_32_BIT_CONVERSION = YES;
				GCC_WARN_ABOUT_RETURN_TYPE = YES_ERROR;
				GCC_WARN_UNDECLARED_SELECTOR = YES;
				GCC_WARN_UNINITIALIZED_AUTOS = YES_AGGRESSIVE;
				GCC_WARN_UNUSED_FUNCTION = YES;
				GCC_WARN_UNUSED_VARIABLE = YES;
				IPHONEOS_DEPLOYMENT_TARGET = 8.1;
				MTL_ENABLE_DEBUG_INFO = NO;
				SDKROOT = iphoneos;
				TARGETED_DEVICE_FAMILY = "1,2";
				VALIDATE_PRODUCT = YES;
			};
			name = Release;
		};
		848B79611B5833A200FD533C /* Debug */ = {
			isa = XCBuildConfiguration;
			buildSettings = {
				ASSETCATALOG_COMPILER_APPICON_NAME = AppIcon;
				INFOPLIST_FILE = "10. Notifications/Info.plist";
				LD_RUNPATH_SEARCH_PATHS = "$(inherited) @executable_path/Frameworks";
				PRODUCT_NAME = "$(TARGET_NAME)";
			};
			name = Debug;
		};
		848B79621B5833A200FD533C /* Release */ = {
			isa = XCBuildConfiguration;
			buildSettings = {
				ASSETCATALOG_COMPILER_APPICON_NAME = AppIcon;
				INFOPLIST_FILE = "10. Notifications/Info.plist";
				LD_RUNPATH_SEARCH_PATHS = "$(inherited) @executable_path/Frameworks";
				PRODUCT_NAME = "$(TARGET_NAME)";
			};
			name = Release;
		};
		848B79641B5833A200FD533C /* Debug */ = {
			isa = XCBuildConfiguration;
			buildSettings = {
				BUNDLE_LOADER = "$(TEST_HOST)";
				FRAMEWORK_SEARCH_PATHS = (
					"$(SDKROOT)/Developer/Library/Frameworks",
					"$(inherited)",
				);
				GCC_PREPROCESSOR_DEFINITIONS = (
					"DEBUG=1",
					"$(inherited)",
				);
				INFOPLIST_FILE = "10. NotificationsTests/Info.plist";
				LD_RUNPATH_SEARCH_PATHS = "$(inherited) @executable_path/Frameworks @loader_path/Frameworks";
				PRODUCT_NAME = "$(TARGET_NAME)";
				TEST_HOST = "$(BUILT_PRODUCTS_DIR)/10. Notifications.app/10. Notifications";
			};
			name = Debug;
		};
		848B79651B5833A200FD533C /* Release */ = {
			isa = XCBuildConfiguration;
			buildSettings = {
				BUNDLE_LOADER = "$(TEST_HOST)";
				FRAMEWORK_SEARCH_PATHS = (
					"$(SDKROOT)/Developer/Library/Frameworks",
					"$(inherited)",
				);
				INFOPLIST_FILE = "10. NotificationsTests/Info.plist";
				LD_RUNPATH_SEARCH_PATHS = "$(inherited) @executable_path/Frameworks @loader_path/Frameworks";
				PRODUCT_NAME = "$(TARGET_NAME)";
				TEST_HOST = "$(BUILT_PRODUCTS_DIR)/10. Notifications.app/10. Notifications";
			};
			name = Release;
		};
/* End XCBuildConfiguration section */

/* Begin XCConfigurationList section */
		848B79381B5833A100FD533C /* Build configuration list for PBXProject "10. Notifications" */ = {
			isa = XCConfigurationList;
			buildConfigurations = (
				848B795E1B5833A200FD533C /* Debug */,
				848B795F1B5833A200FD533C /* Release */,
			);
			defaultConfigurationIsVisible = 0;
			defaultConfigurationName = Release;
		};
		848B79601B5833A200FD533C /* Build configuration list for PBXNativeTarget "10. Notifications" */ = {
			isa = XCConfigurationList;
			buildConfigurations = (
				848B79611B5833A200FD533C /* Debug */,
				848B79621B5833A200FD533C /* Release */,
			);
			defaultConfigurationIsVisible = 0;
			defaultConfigurationName = Release;
		};
		848B79631B5833A200FD533C /* Build configuration list for PBXNativeTarget "10. NotificationsTests" */ = {
			isa = XCConfigurationList;
			buildConfigurations = (
				848B79641B5833A200FD533C /* Debug */,
				848B79651B5833A200FD533C /* Release */,
			);
			defaultConfigurationIsVisible = 0;
			defaultConfigurationName = Release;
		};
/* End XCConfigurationList section */
	};
	rootObject = 848B79351B5833A100FD533C /* Project object */;
}
